
Microsoft Visual Studio Solution File, Format Version 12.00
# Visual Studio 15
VisualStudioVersion = 15.0.27004.2010
MinimumVisualStudioVersion = 10.0.40219.1
Project("{FAE04EC0-301F-11D3-BF4B-00C04F79EFBC}") = "NetCoreMVC", "NetCoreMVC\NetCoreMVC.csproj", "{5BE8B19D-298C-4309-9007-419B1AE353B9}"
EndProject
Global
	GlobalSection(SolutionConfigurationPlatforms) = preSolution
		Debug|Any CPU = Debug|Any CPU
		Release|Any CPU = Release|Any CPU
	EndGlobalSection
	GlobalSection(ProjectConfigurationPlatforms) = postSolution
		{5BE8B19D-298C-4309-9007-419B1AE353B9}.Debug|Any CPU.ActiveCfg = Debug|Any CPU
		{5BE8B19D-298C-4309-9007-419B1AE353B9}.Debug|Any CPU.Build.0 = Debug|Any CPU
		{5BE8B19D-298C-4309-9007-419B1AE353B9}.Release|Any CPU.ActiveCfg = Release|Any CPU
		{5BE8B19D-298C-4309-9007-419B1AE353B9}.Release|Any CPU.Build.0 = Release|Any CPU
	EndGlobalSection
	GlobalSection(SolutionProperties) = preSolution
		HideSolutionNode = FALSE
	EndGlobalSection
	GlobalSection(ExtensibilityGlobals) = postSolution
		SolutionGuid = {5A9D6196-B4BC-414A-99E4-5F374C59C992}
	EndGlobalSection
EndGlobal
